
Microsoft Visual Studio Solution File, Format Version 12.00
# Visual Studio 15
VisualStudioVersion = 15.0.28307.136
MinimumVisualStudioVersion = 10.0.40219.1
Project("{FAE04EC0-301F-11D3-BF4B-00C04F79EFBC}") = "DispensingWorkMessageTest", "DispensingWorkMessageTest\DispensingWorkMessageTest.csproj", "{8A672952-5FD3-4FBD-9D41-D5D911A5A936}"
EndProject
Project("{FAE04EC0-301F-11D3-BF4B-00C04F79EFBC}") = "DispensingWorkMessage", "DispensingWorkMessage\DispensingWorkMessage.csproj", "{0B9C0C77-F8F6-49EA-9DF7-F5E2AC8C3A37}"
EndProject
Global
	GlobalSection(SolutionConfigurationPlatforms) = preSolution
		Debug|Any CPU = Debug|Any CPU
		Release|Any CPU = Release|Any CPU
	EndGlobalSection
	GlobalSection(ProjectConfigurationPlatforms) = postSolution
		{8A672952-5FD3-4FBD-9D41-D5D911A5A936}.Debug|Any CPU.ActiveCfg = Debug|Any CPU
		{8A672952-5FD3-4FBD-9D41-D5D911A5A936}.Debug|Any CPU.Build.0 = Debug|Any CPU
		{8A672952-5FD3-4FBD-9D41-D5D911A5A936}.Release|Any CPU.ActiveCfg = Release|Any CPU
		{8A672952-5FD3-4FBD-9D41-D5D911A5A936}.Release|Any CPU.Build.0 = Release|Any CPU
		{0B9C0C77-F8F6-49EA-9DF7-F5E2AC8C3A37}.Debug|Any CPU.ActiveCfg = Debug|Any CPU
		{0B9C0C77-F8F6-49EA-9DF7-F5E2AC8C3A37}.Debug|Any CPU.Build.0 = Debug|Any CPU
		{0B9C0C77-F8F6-49EA-9DF7-F5E2AC8C3A37}.Release|Any CPU.ActiveCfg = Release|Any CPU
		{0B9C0C77-F8F6-49EA-9DF7-F5E2AC8C3A37}.Release|Any CPU.Build.0 = Release|Any CPU
	EndGlobalSection
	GlobalSection(SolutionProperties) = preSolution
		HideSolutionNode = FALSE
	EndGlobalSection
	GlobalSection(ExtensibilityGlobals) = postSolution
		SolutionGuid = {7FBCB453-9528-4A62-9892-D5692755CCEB}
	EndGlobalSection
EndGlobal
